# THIS IS AN AUTOGENERATED FILE. DO NOT EDIT THIS FILE DIRECTLY.
# yarn lockfile v1


"@effect/ai-openai@latest":
  version "0.37.2"
  resolved "https://registry.npmjs.org/@effect/ai-openai/-/ai-openai-0.37.2.tgz"
  integrity sha512-1yTkFdJVexcraIF5ChGBOiXyjOeluti1g9AMPFBzo5ZWZWirbWs6t17dn7SamG6RYbXwRPicVA9vGAXmxgzrsQ==
  dependencies:
    gpt-tokenizer "^2.9.0"

"@effect/ai@^0.33.2", "@effect/ai@latest":
  version "0.33.2"
  resolved "https://registry.npmjs.org/@effect/ai/-/ai-0.33.2.tgz"
  integrity sha512-iJ6pz9qiKFXhcnriJJSBQ5+Bz3oEg+6hVQ7OPmmTa0dVkKUPIgX9nHqHfstcwLnDfdXBj/zCl79U+iMpGtQBnA==
  dependencies:
    find-my-way-ts "^0.1.6"

"@effect/cluster@^0.56.1":
  version "0.56.4"
  resolved "https://registry.npmjs.org/@effect/cluster/-/cluster-0.56.4.tgz"
  integrity sha512-7Je5/JlbZOlsSxsbKjr97dJed2cNGWsb+TLNgMcr5mRDbcWlFOTUGvsrisEJV6waosYLIg+2omPdvnvRoYKdhA==
  dependencies:
    kubernetes-types "^1.30.0"

"@effect/experimental@^0.58.0":
  version "0.58.0"
  resolved "https://registry.npmjs.org/@effect/experimental/-/experimental-0.58.0.tgz"
  integrity sha512-IEP9sapjF6rFy5TkoqDPc86st/fnqUfjT7Xa3pWJrFGr1hzaMXHo+mWsYOZS9LAOVKnpHuVziDK97EP5qsCHVA==
  dependencies:
    uuid "^11.0.3"

"@effect/opentelemetry@latest":
  version "0.61.0"
  resolved "https://registry.npmjs.org/@effect/opentelemetry/-/opentelemetry-0.61.0.tgz"
  integrity sha512-aTg4qWzMxGDoUZKSyws/dMZqVNoSCQIvHaPDJnWitUAVuWDAPOXiaiHJDWO39cwDlySBTCSF6rEanm3+nR/2Mg==

"@effect/platform-node-shared@^0.57.1":
  version "0.57.1"
  resolved "https://registry.npmjs.org/@effect/platform-node-shared/-/platform-node-shared-0.57.1.tgz"
  integrity sha512-oX/bApMdoKsyrDiNdJxo7U9Rz1RXsjRv+ecfAPp1qGlSdGIo32wVRvJ2XCHqYj0sqaYJS0pU0/GCulRfVGuJag==
  dependencies:
    "@parcel/watcher" "^2.5.1"
    multipasta "^0.2.7"
    ws "^8.18.2"

"@effect/platform-node@latest":
  version "0.104.1"
  resolved "https://registry.npmjs.org/@effect/platform-node/-/platform-node-0.104.1.tgz"
  integrity sha512-jT1a/z98niK6fnEU8pWHPPCdJMVDRCIdB65lolcOjse5rsTwVbczMjvKkhVQpF63mNWoOnol7OTRNkw5L54llg==
  dependencies:
    "@effect/platform-node-shared" "^0.57.1"
    mime "^3.0.0"
    undici "^7.10.0"
    ws "^8.18.2"

"@effect/platform@^0.94.0", "@effect/platform@^0.94.1", "@effect/platform@^0.94.2", "@effect/platform@^0.94.5", "@effect/platform@latest":
  version "0.94.5"
  resolved "https://registry.npmjs.org/@effect/platform/-/platform-0.94.5.tgz"
  integrity sha512-z05APUiDDPbodhTkH/RJqOLoCU11bU2IZLfcwLFrld03+ob1VeqRnELQlmueLIYm6NZifHAtjl32V+GRt34y4A==
  dependencies:
    find-my-way-ts "^0.1.6"
    msgpackr "^1.11.4"
    multipasta "^0.2.7"

"@effect/rpc@^0.73.0", "@effect/rpc@^0.73.1", "@effect/rpc@^0.73.2":
  version "0.73.2"
  resolved "https://registry.npmjs.org/@effect/rpc/-/rpc-0.73.2.tgz"
  integrity sha512-td7LHDgBOYKg+VgGWEelD8rSAmvjXz7am17vfxZROX5qIYuvH7drL/z4p5xQFadhHZ7DYdlFpqdO9ggc77OCIw==
  dependencies:
    msgpackr "^1.11.4"

"@effect/sql@^0.49.0":
  version "0.49.0"
  resolved "https://registry.npmjs.org/@effect/sql/-/sql-0.49.0.tgz"
  integrity sha512-9UEKR+z+MrI/qMAmSvb/RiD9KlgIazjZUCDSpwNgm0lEK9/Q6ExEyfziiYFVCPiptp52cBw8uBHRic8hHnwqXA==
  dependencies:
    uuid "^11.0.3"

"@effect/workflow@^0.16.0":
  version "0.16.0"
  resolved "https://registry.npmjs.org/@effect/workflow/-/workflow-0.16.0.tgz"
  integrity sha512-MiAdlxx3TixkgHdbw+Yf1Z3tHAAE0rOQga12kIydJqj05Fnod+W/I+kQGRMY/XWRg+QUsVxhmh1qTr7Ype6lrw==

"@esbuild/darwin-arm64@0.27.3":
  version "0.27.3"
  resolved "https://registry.npmjs.org/@esbuild/darwin-arm64/-/darwin-arm64-0.27.3.tgz"
  integrity sha512-Re491k7ByTVRy0t3EKWajdLIr0gz2kKKfzafkth4Q8A5n1xTHrkqZgLLjFEHVD+AXdUGgQMq+Godfq45mGpCKg==

"@jridgewell/sourcemap-codec@^1.5.5":
  version "1.5.5"
  resolved "https://registry.npmjs.org/@jridgewell/sourcemap-codec/-/sourcemap-codec-1.5.5.tgz"
  integrity sha512-cYQ9310grqxueWbl+WuIUIaiUaDcj7WOq5fVhEljNVgRfOUhY9fy2zTvfoqWsnebh8Sl70VScFbICvJnLKB0Og==

"@msgpackr-extract/msgpackr-extract-darwin-arm64@3.0.3":
  version "3.0.3"
  resolved "https://registry.npmjs.org/@msgpackr-extract/msgpackr-extract-darwin-arm64/-/msgpackr-extract-darwin-arm64-3.0.3.tgz"
  integrity sha512-QZHtlVgbAdy2zAqNA9Gu1UpIuI8Xvsd1v8ic6B2pZmeFnFcMWiPLfWXh7TVw4eGEZ/C9TH281KwhVoeQUKbyjw==

"@opentelemetry/api-logs@0.212.0":
  version "0.212.0"
  resolved "https://registry.npmjs.org/@opentelemetry/api-logs/-/api-logs-0.212.0.tgz"
  integrity sha512-TEEVrLbNROUkYY51sBJGk7lO/OLjuepch8+hmpM6ffMJQ2z/KVCjdHuCFX6fJj8OkJP2zckPjrJzQtXU3IAsFg==
  dependencies:
    "@opentelemetry/api" "^1.3.0"

"@opentelemetry/api@^1.3.0", "@opentelemetry/api@^1.9", "@opentelemetry/api@^1.9.0", "@opentelemetry/api@>=1.0.0 <1.10.0", "@opentelemetry/api@>=1.3.0 <1.10.0", "@opentelemetry/api@>=1.4.0 <1.10.0", "@opentelemetry/api@>=1.9.0 <1.10.0":
  version "1.9.0"
  resolved "https://registry.npmjs.org/@opentelemetry/api/-/api-1.9.0.tgz"
  integrity sha512-3giAOQvZiH5F9bMlMiv8+GSPMeqg0dbaeo58/0SlA9sxSqZhnUtxzX9/2FzyhS9sWQf5S0GJE0AKBrFqjpeYcg==

"@opentelemetry/context-async-hooks@2.5.1":
  version "2.5.1"
  resolved "https://registry.npmjs.org/@opentelemetry/context-async-hooks/-/context-async-hooks-2.5.1.tgz"
  integrity sha512-MHbu8XxCHcBn6RwvCt2Vpn1WnLMNECfNKYB14LI5XypcgH4IE0/DiVifVR9tAkwPMyLXN8dOoPJfya3IryLQVw==

"@opentelemetry/core@2.5.1":
  version "2.5.1"
  resolved "https://registry.npmjs.org/@opentelemetry/core/-/core-2.5.1.tgz"
  integrity sha512-Dwlc+3HAZqpgTYq0MUyZABjFkcrKTePwuiFVLjahGD8cx3enqihmpAmdgNFO1R4m/sIe5afjJrA25Prqy4NXlA==
  dependencies:
    "@opentelemetry/semantic-conventions" "^1.29.0"

"@opentelemetry/resources@^2.0.0", "@opentelemetry/resources@2.5.1":
  version "2.5.1"
  resolved "https://registry.npmjs.org/@opentelemetry/resources/-/resources-2.5.1.tgz"
  integrity sha512-BViBCdE/GuXRlp9k7nS1w6wJvY5fnFX5XvuEtWsTAOQFIO89Eru7lGW3WbfbxtCuZ/GbrJfAziXG0w0dpxL7eQ==
  dependencies:
    "@opentelemetry/core" "2.5.1"
    "@opentelemetry/semantic-conventions" "^1.29.0"

"@opentelemetry/sdk-logs@>=0.203.0 <0.300.0":
  version "0.212.0"
  resolved "https://registry.npmjs.org/@opentelemetry/sdk-logs/-/sdk-logs-0.212.0.tgz"
  integrity sha512-qglb5cqTf0mOC1sDdZ7nfrPjgmAqs2OxkzOPIf2+Rqx8yKBK0pS7wRtB1xH30rqahBIut9QJDbDePyvtyqvH/Q==
  dependencies:
    "@opentelemetry/api-logs" "0.212.0"
    "@opentelemetry/core" "2.5.1"
    "@opentelemetry/resources" "2.5.1"

"@opentelemetry/sdk-metrics@^2.0.0":
  version "2.5.1"
  resolved "https://registry.npmjs.org/@opentelemetry/sdk-metrics/-/sdk-metrics-2.5.1.tgz"
  integrity sha512-RKMn3QKi8nE71ULUo0g/MBvq1N4icEBo7cQSKnL3URZT16/YH3nSVgWegOjwx7FRBTrjOIkMJkCUn/ZFIEfn4A==
  dependencies:
    "@opentelemetry/core" "2.5.1"
    "@opentelemetry/resources" "2.5.1"

"@opentelemetry/sdk-trace-base@^2.0.0", "@opentelemetry/sdk-trace-base@2.5.1":
  version "2.5.1"
  resolved "https://registry.npmjs.org/@opentelemetry/sdk-trace-base/-/sdk-trace-base-2.5.1.tgz"
  integrity sha512-iZH3Gw8cxQn0gjpOjJMmKLd9GIaNh/E3v3ST67vyzLSxHBs14HsG4dy7jMYyC5WXGdBVEcM7U/XTF5hCQxjDMw==
  dependencies:
    "@opentelemetry/core" "2.5.1"
    "@opentelemetry/resources" "2.5.1"
    "@opentelemetry/semantic-conventions" "^1.29.0"

"@opentelemetry/sdk-trace-node@^2.0.0":
  version "2.5.1"
  resolved "https://registry.npmjs.org/@opentelemetry/sdk-trace-node/-/sdk-trace-node-2.5.1.tgz"
  integrity sha512-9lopQ6ZoElETOEN0csgmtEV5/9C7BMfA7VtF4Jape3i954b6sTY2k3Xw3CxUTKreDck/vpAuJM+EDo4zheUw+A==
  dependencies:
    "@opentelemetry/context-async-hooks" "2.5.1"
    "@opentelemetry/core" "2.5.1"
    "@opentelemetry/sdk-trace-base" "2.5.1"

"@opentelemetry/sdk-trace-web@^2.0.0":
  version "2.5.1"
  resolved "https://registry.npmjs.org/@opentelemetry/sdk-trace-web/-/sdk-trace-web-2.5.1.tgz"
  integrity sha512-4PWFtMJ5nqWMP2YqgKjcMlQlUeN1imUYSXdhy6Xl/3bnO0/Ryo5Y3/kWG8T66uMHo2RpTQLloZjoQACKdbHbxg==
  dependencies:
    "@opentelemetry/core" "2.5.1"
    "@opentelemetry/sdk-trace-base" "2.5.1"

"@opentelemetry/semantic-conventions@^1.29.0", "@opentelemetry/semantic-conventions@^1.33.0":
  version "1.40.0"
  resolved "https://registry.npmjs.org/@opentelemetry/semantic-conventions/-/semantic-conventions-1.40.0.tgz"
  integrity sha512-cifvXDhcqMwwTlTK04GBNeIe7yyo28Mfby85QXFe1Yk8nmi36Ab/5UQwptOx84SsoGNRg+EVSjwzfSZMy6pmlw==

"@oxfmt/binding-darwin-arm64@0.33.0":
  version "0.33.0"
  resolved "https://registry.npmjs.org/@oxfmt/binding-darwin-arm64/-/binding-darwin-arm64-0.33.0.tgz"
  integrity sha512-PorspsX9O5ISstVaq34OK4esN0LVcuU4DVg+XuSqJsfJ//gn6z6WH2Tt7s0rTQaqEcp76g7+QdWQOmnJDZsEVg==

"@oxlint/binding-darwin-arm64@1.50.0":
  version "1.50.0"
  resolved "https://registry.npmjs.org/@oxlint/binding-darwin-arm64/-/binding-darwin-arm64-1.50.0.tgz"
  integrity sha512-w3SY5YtxGnxCHPJ8Twl3KmS9oja1gERYk3AMoZ7Hv8P43ZtB6HVfs02TxvarxfL214Tm3uzvc2vn+DhtUNeKnw==

"@parcel/watcher-darwin-arm64@2.5.6":
  version "2.5.6"
  resolved "https://registry.npmjs.org/@parcel/watcher-darwin-arm64/-/watcher-darwin-arm64-2.5.6.tgz"
  integrity sha512-Z2ZdrnwyXvvvdtRHLmM4knydIdU9adO3D4n/0cVipF3rRiwP+3/sfzpAwA/qKFL6i1ModaabkU7IbpeMBgiVEA==

"@parcel/watcher@^2.5.1":
  version "2.5.6"
  resolved "https://registry.npmjs.org/@parcel/watcher/-/watcher-2.5.6.tgz"
  integrity sha512-tmmZ3lQxAe/k/+rNnXQRawJ4NjxO2hqiOLTHvWchtGZULp4RyFeh6aU4XdOYBFe2KE1oShQTv4AblOs2iOrNnQ==
  dependencies:
    detect-libc "^2.0.3"
    is-glob "^4.0.3"
    node-addon-api "^7.0.0"
    picomatch "^4.0.3"
  optionalDependencies:
    "@parcel/watcher-android-arm64" "2.5.6"
    "@parcel/watcher-darwin-arm64" "2.5.6"
    "@parcel/watcher-darwin-x64" "2.5.6"
    "@parcel/watcher-freebsd-x64" "2.5.6"
    "@parcel/watcher-linux-arm-glibc" "2.5.6"
    "@parcel/watcher-linux-arm-musl" "2.5.6"
    "@parcel/watcher-linux-arm64-glibc" "2.5.6"
    "@parcel/watcher-linux-arm64-musl" "2.5.6"
    "@parcel/watcher-linux-x64-glibc" "2.5.6"
    "@parcel/watcher-linux-x64-musl" "2.5.6"
    "@parcel/watcher-win32-arm64" "2.5.6"
    "@parcel/watcher-win32-ia32" "2.5.6"
    "@parcel/watcher-win32-x64" "2.5.6"

"@rollup/rollup-darwin-arm64@4.59.0":
  version "4.59.0"
  resolved "https://registry.npmjs.org/@rollup/rollup-darwin-arm64/-/rollup-darwin-arm64-4.59.0.tgz"
  integrity sha512-W2Psnbh1J8ZJw0xKAd8zdNgF9HRLkdWwwdWqubSVk0pUuQkoHnv7rx4GiF9rT4t5DIZGAsConRE3AxCdJ4m8rg==

"@standard-schema/spec@^1.0.0":
  version "1.1.0"
  resolved "https://registry.npmjs.org/@standard-schema/spec/-/spec-1.1.0.tgz"
  integrity sha512-l2aFy5jALhniG5HgqrD6jXLi/rUWrKvqN/qJx6yoJsgKhblVd+iqqU4RCXavm/jPityDo5TCvKMnpjKnOriy0w==

"@types/chai@^5.2.2":
  version "5.2.3"
  resolved "https://registry.npmjs.org/@types/chai/-/chai-5.2.3.tgz"
  integrity sha512-Mw558oeA9fFbv65/y4mHtXDs9bPnFMZAL/jxdPFUpOHHIXX91mcgEHbS5Lahr+pwZFR8A7GQleRWeI6cGFC2UA==
  dependencies:
    "@types/deep-eql" "*"
    assertion-error "^2.0.1"

"@types/deep-eql@*":
  version "4.0.2"
  resolved "https://registry.npmjs.org/@types/deep-eql/-/deep-eql-4.0.2.tgz"
  integrity sha512-c9h9dVVMigMPc4bwTvC5dxqtqJZwQPePsWjPlpSOnojbor6pGqdk541lfA7AqFQr5pB1BRdq0juY9db81BwyFw==

"@types/estree@^1.0.0", "@types/estree@1.0.8":
  version "1.0.8"
  resolved "https://registry.npmjs.org/@types/estree/-/estree-1.0.8.tgz"
  integrity sha512-dWHzHa2WqEXI/O1E9OjrocMTKJl2mSrEolh1Iomrv6U+JuNwaHXsXx9bLu5gG7BUWFIN0skIQJQ/L1rIex4X6w==

"@types/node@*", "@types/node@^20.0.0 || ^22.0.0 || >=24.0.0", "@types/node@^20.19.0 || >=22.12.0", "@types/node@^24.3.0":
  version "24.10.15"
  resolved "https://registry.npmjs.org/@types/node/-/node-24.10.15.tgz"
  integrity sha512-BgjLoRuSr0MTI5wA6gMw9Xy0sFudAaUuvrnjgGx9wZ522fYYLA5SYJ+1Y30vTcJEG+DRCyDHx/gzQVfofYzSdg==
  dependencies:
    undici-types "~7.16.0"

"@types/ws@^8.18.1":
  version "8.18.1"
  resolved "https://registry.npmjs.org/@types/ws/-/ws-8.18.1.tgz"
  integrity sha512-ThVF6DCVhA8kUGy+aazFQ4kXQ7E1Ty7A3ypFOe0IcJV8O/M511G99AW24irKrW56Wt44yG9+ij8FaqoBGkuBXg==
  dependencies:
    "@types/node" "*"

"@vitest/expect@4.0.18":
  version "4.0.18"
  resolved "https://registry.npmjs.org/@vitest/expect/-/expect-4.0.18.tgz"
  integrity sha512-8sCWUyckXXYvx4opfzVY03EOiYVxyNrHS5QxX3DAIi5dpJAAkyJezHCP77VMX4HKA2LDT/Jpfo8i2r5BE3GnQQ==
  dependencies:
    "@standard-schema/spec" "^1.0.0"
    "@types/chai" "^5.2.2"
    "@vitest/spy" "4.0.18"
    "@vitest/utils" "4.0.18"
    chai "^6.2.1"
    tinyrainbow "^3.0.3"

"@vitest/mocker@4.0.18":
  version "4.0.18"
  resolved "https://registry.npmjs.org/@vitest/mocker/-/mocker-4.0.18.tgz"
  integrity sha512-HhVd0MDnzzsgevnOWCBj5Otnzobjy5wLBe4EdeeFGv8luMsGcYqDuFRMcttKWZA5vVO8RFjexVovXvAM4JoJDQ==
  dependencies:
    "@vitest/spy" "4.0.18"
    estree-walker "^3.0.3"
    magic-string "^0.30.21"

"@vitest/pretty-format@4.0.18":
  version "4.0.18"
  resolved "https://registry.npmjs.org/@vitest/pretty-format/-/pretty-format-4.0.18.tgz"
  integrity sha512-P24GK3GulZWC5tz87ux0m8OADrQIUVDPIjjj65vBXYG17ZeU3qD7r+MNZ1RNv4l8CGU2vtTRqixrOi9fYk/yKw==
  dependencies:
    tinyrainbow "^3.0.3"

"@vitest/runner@4.0.18":
  version "4.0.18"
  resolved "https://registry.npmjs.org/@vitest/runner/-/runner-4.0.18.tgz"
  integrity sha512-rpk9y12PGa22Jg6g5M3UVVnTS7+zycIGk9ZNGN+m6tZHKQb7jrP7/77WfZy13Y/EUDd52NDsLRQhYKtv7XfPQw==
  dependencies:
    "@vitest/utils" "4.0.18"
    pathe "^2.0.3"

"@vitest/snapshot@4.0.18":
  version "4.0.18"
  resolved "https://registry.npmjs.org/@vitest/snapshot/-/snapshot-4.0.18.tgz"
  integrity sha512-PCiV0rcl7jKQjbgYqjtakly6T1uwv/5BQ9SwBLekVg/EaYeQFPiXcgrC2Y7vDMA8dM1SUEAEV82kgSQIlXNMvA==
  dependencies:
    "@vitest/pretty-format" "4.0.18"
    magic-string "^0.30.21"
    pathe "^2.0.3"

"@vitest/spy@4.0.18":
  version "4.0.18"
  resolved "https://registry.npmjs.org/@vitest/spy/-/spy-4.0.18.tgz"
  integrity sha512-cbQt3PTSD7P2OARdVW3qWER5EGq7PHlvE+QfzSC0lbwO+xnt7+XH06ZzFjFRgzUX//JmpxrCu92VdwvEPlWSNw==

"@vitest/utils@4.0.18":
  version "4.0.18"
  resolved "https://registry.npmjs.org/@vitest/utils/-/utils-4.0.18.tgz"
  integrity sha512-msMRKLMVLWygpK3u2Hybgi4MNjcYJvwTb0Ru09+fOyCXIgT5raYP041DRRdiJiI3k/2U6SEbAETB3YtBrUkCFA==
  dependencies:
    "@vitest/pretty-format" "4.0.18"
    tinyrainbow "^3.0.3"

assertion-error@^2.0.1:
  version "2.0.1"
  resolved "https://registry.npmjs.org/assertion-error/-/assertion-error-2.0.1.tgz"
  integrity sha512-Izi8RQcffqCeNVgFigKli1ssklIbpHnCYc6AknXGYoB6grJqyeby7jv12JUQgmTAnIDnbck1uxksT4dzN3PWBA==

chai@^6.2.1:
  version "6.2.2"
  resolved "https://registry.npmjs.org/chai/-/chai-6.2.2.tgz"
  integrity sha512-NUPRluOfOiTKBKvWPtSD4PhFvWCqOi0BGStNWs57X9js7XGTprSmFoz5F0tWhR4WPjNeR9jXqdC7/UpSJTnlRg==

detect-libc@^2.0.1, detect-libc@^2.0.3:
  version "2.1.2"
  resolved "https://registry.npmjs.org/detect-libc/-/detect-libc-2.1.2.tgz"
  integrity sha512-Btj2BOOO83o3WyH59e8MgXsxEQVcarkUOpEYrubB0urwnN10yQ364rsiByU11nZlqWYZm05i/of7io4mzihBtQ==

effect@^3.19.13, effect@^3.19.14, effect@^3.19.15, effect@^3.19.17, effect@^3.19.18, effect@^3.19.19:
  version "3.19.19"
  resolved "https://registry.npmjs.org/effect/-/effect-3.19.19.tgz"
  integrity sha512-Yc8U/SVXo2dHnaP7zNBlAo83h/nzSJpi7vph6Hzyl4ulgMBIgPmz3UzOjb9sBgpFE00gC0iETR244sfXDNLHRg==
  dependencies:
    "@standard-schema/spec" "^1.0.0"
    fast-check "^3.23.1"

es-module-lexer@^1.7.0:
  version "1.7.0"
  resolved "https://registry.npmjs.org/es-module-lexer/-/es-module-lexer-1.7.0.tgz"
  integrity sha512-jEQoCwk8hyb2AZziIOLhDqpm5+2ww5uIE6lkO/6jcOCusfk6LhMHpXXfBLXTZ7Ydyt0j4VoUQv6uGNYbdW+kBA==

esbuild@^0.27.0, esbuild@~0.27.0:
  version "0.27.3"
  resolved "https://registry.npmjs.org/esbuild/-/esbuild-0.27.3.tgz"
  integrity sha512-8VwMnyGCONIs6cWue2IdpHxHnAjzxnw2Zr7MkVxB2vjmQ2ivqGFb4LEG3SMnv0Gb2F/G/2yA8zUaiL1gywDCCg==
  optionalDependencies:
    "@esbuild/aix-ppc64" "0.27.3"
    "@esbuild/android-arm" "0.27.3"
    "@esbuild/android-arm64" "0.27.3"
    "@esbuild/android-x64" "0.27.3"
    "@esbuild/darwin-arm64" "0.27.3"
    "@esbuild/darwin-x64" "0.27.3"
    "@esbuild/freebsd-arm64" "0.27.3"
    "@esbuild/freebsd-x64" "0.27.3"
    "@esbuild/linux-arm" "0.27.3"
    "@esbuild/linux-arm64" "0.27.3"
    "@esbuild/linux-ia32" "0.27.3"
    "@esbuild/linux-loong64" "0.27.3"
    "@esbuild/linux-mips64el" "0.27.3"
    "@esbuild/linux-ppc64" "0.27.3"
    "@esbuild/linux-riscv64" "0.27.3"
    "@esbuild/linux-s390x" "0.27.3"
    "@esbuild/linux-x64" "0.27.3"
    "@esbuild/netbsd-arm64" "0.27.3"
    "@esbuild/netbsd-x64" "0.27.3"
    "@esbuild/openbsd-arm64" "0.27.3"
    "@esbuild/openbsd-x64" "0.27.3"
    "@esbuild/openharmony-arm64" "0.27.3"
    "@esbuild/sunos-x64" "0.27.3"
    "@esbuild/win32-arm64" "0.27.3"
    "@esbuild/win32-ia32" "0.27.3"
    "@esbuild/win32-x64" "0.27.3"

estree-walker@^3.0.3:
  version "3.0.3"
  resolved "https://registry.npmjs.org/estree-walker/-/estree-walker-3.0.3.tgz"
  integrity sha512-7RUKfXgSMMkzt6ZuXmqapOurLGPPfgj6l9uRZ7lRGolvk0y2yocc35LdcxKC5PQZdn2DMqioAQ2NoWcrTKmm6g==
  dependencies:
    "@types/estree" "^1.0.0"

expect-type@^1.2.2:
  version "1.3.0"
  resolved "https://registry.npmjs.org/expect-type/-/expect-type-1.3.0.tgz"
  integrity sha512-knvyeauYhqjOYvQ66MznSMs83wmHrCycNEN6Ao+2AeYEfxUIkuiVxdEa1qlGEPK+We3n0THiDciYSsCcgW/DoA==

fast-check@^3.23.1:
  version "3.23.2"
  resolved "https://registry.npmjs.org/fast-check/-/fast-check-3.23.2.tgz"
  integrity sha512-h5+1OzzfCC3Ef7VbtKdcv7zsstUQwUDlYpUTvjeUsJAssPgLn7QzbboPtL5ro04Mq0rPOsMzl7q5hIbRs2wD1A==
  dependencies:
    pure-rand "^6.1.0"

fdir@^6.5.0:
  version "6.5.0"
  resolved "https://registry.npmjs.org/fdir/-/fdir-6.5.0.tgz"
  integrity sha512-tIbYtZbucOs0BRGqPJkshJUYdL+SDH7dVM8gjy+ERp3WAUjLEFJE+02kanyHtwjWOnwrKYBiwAmM0p4kLJAnXg==

find-my-way-ts@^0.1.6:
  version "0.1.6"
  resolved "https://registry.npmjs.org/find-my-way-ts/-/find-my-way-ts-0.1.6.tgz"
  integrity sha512-a85L9ZoXtNAey3Y6Z+eBWW658kO/MwR7zIafkIUPUMf3isZG0NCs2pjW2wtjxAKuJPxMAsHUIP4ZPGv0o5gyTA==

fsevents@~2.3.2, fsevents@~2.3.3:
  version "2.3.3"
  resolved "https://registry.npmjs.org/fsevents/-/fsevents-2.3.3.tgz"
  integrity sha512-5xoDfX+fL7faATnagmWPpbFtwh/R77WmMMqqHGS65C3vvB0YHrgF+B1YmZ3441tMj5n63k0212XNoJwzlhffQw==

get-tsconfig@^4.7.5:
  version "4.13.6"
  resolved "https://registry.npmjs.org/get-tsconfig/-/get-tsconfig-4.13.6.tgz"
  integrity sha512-shZT/QMiSHc/YBLxxOkMtgSid5HFoauqCE3/exfsEcwg1WkeqjG+V40yBbBrsD+jW2HDXcs28xOfcbm2jI8Ddw==
  dependencies:
    resolve-pkg-maps "^1.0.0"

gpt-tokenizer@^2.9.0:
  version "2.9.0"
  resolved "https://registry.npmjs.org/gpt-tokenizer/-/gpt-tokenizer-2.9.0.tgz"
  integrity sha512-YSpexBL/k4bfliAzMrRqn3M6+it02LutVyhVpDeMKrC/O9+pCe/5s8U2hYKa2vFLD5/vHhsKc8sOn/qGqII8Kg==

is-extglob@^2.1.1:
  version "2.1.1"
  resolved "https://registry.npmjs.org/is-extglob/-/is-extglob-2.1.1.tgz"
  integrity sha512-SbKbANkN603Vi4jEZv49LeVJMn4yGwsbzZworEoyEiutsN3nJYdbO36zfhGJ6QEDpOZIFkDtnq5JRxmvl3jsoQ==

is-glob@^4.0.3:
  version "4.0.3"
  resolved "https://registry.npmjs.org/is-glob/-/is-glob-4.0.3.tgz"
  integrity sha512-xelSayHH36ZgE7ZWhli7pW34hNbNl8Ojv5KVmkJD4hBdD3th8Tfk9vYasLM+mXWOZhFkgZfxhLSnrwRr4elSSg==
  dependencies:
    is-extglob "^2.1.1"

kubernetes-types@^1.30.0:
  version "1.30.0"
  resolved "https://registry.npmjs.org/kubernetes-types/-/kubernetes-types-1.30.0.tgz"
  integrity sha512-Dew1okvhM/SQcIa2rcgujNndZwU8VnSapDgdxlYoB84ZlpAD43U6KLAFqYo17ykSFGHNPrg0qry0bP+GJd9v7Q==

magic-string@^0.30.21:
  version "0.30.21"
  resolved "https://registry.npmjs.org/magic-string/-/magic-string-0.30.21.tgz"
  integrity sha512-vd2F4YUyEXKGcLHoq+TEyCjxueSeHnFxyyjNp80yg0XV4vUhnDer/lvvlqM/arB5bXQN5K2/3oinyCRyx8T2CQ==
  dependencies:
    "@jridgewell/sourcemap-codec" "^1.5.5"

mime@^3.0.0:
  version "3.0.0"
  resolved "https://registry.npmjs.org/mime/-/mime-3.0.0.tgz"
  integrity sha512-jSCU7/VB1loIWBZe14aEYHU/+1UMEHoaO7qxCOVJOw9GgH72VAWppxNcjU+x9a2k3GSIBXNKxXQFqRvvZ7vr3A==

msgpackr-extract@^3.0.2:
  version "3.0.3"
  resolved "https://registry.npmjs.org/msgpackr-extract/-/msgpackr-extract-3.0.3.tgz"
  integrity sha512-P0efT1C9jIdVRefqjzOQ9Xml57zpOXnIuS+csaB4MdZbTdmGDLo8XhzBG1N7aO11gKDDkJvBLULeFTo46wwreA==
  dependencies:
    node-gyp-build-optional-packages "5.2.2"
  optionalDependencies:
    "@msgpackr-extract/msgpackr-extract-darwin-arm64" "3.0.3"
    "@msgpackr-extract/msgpackr-extract-darwin-x64" "3.0.3"
    "@msgpackr-extract/msgpackr-extract-linux-arm" "3.0.3"
    "@msgpackr-extract/msgpackr-extract-linux-arm64" "3.0.3"
    "@msgpackr-extract/msgpackr-extract-linux-x64" "3.0.3"
    "@msgpackr-extract/msgpackr-extract-win32-x64" "3.0.3"

msgpackr@^1.11.4:
  version "1.11.8"
  resolved "https://registry.npmjs.org/msgpackr/-/msgpackr-1.11.8.tgz"
  integrity sha512-bC4UGzHhVvgDNS7kn9tV8fAucIYUBuGojcaLiz7v+P63Lmtm0Xeji8B/8tYKddALXxJLpwIeBmUN3u64C4YkRA==
  optionalDependencies:
    msgpackr-extract "^3.0.2"

multipasta@^0.2.7:
  version "0.2.7"
  resolved "https://registry.npmjs.org/multipasta/-/multipasta-0.2.7.tgz"
  integrity sha512-KPA58d68KgGil15oDqXjkUBEBYc00XvbPj5/X+dyzeo/lWm9Nc25pQRlf1D+gv4OpK7NM0J1odrbu9JNNGvynA==

nanoid@^3.3.11:
  version "3.3.11"
  resolved "https://registry.npmjs.org/nanoid/-/nanoid-3.3.11.tgz"
  integrity sha512-N8SpfPUnUp1bK+PMYW8qSWdl9U+wwNWI4QKxOYDy9JAro3WMX7p2OeVRF9v+347pnakNevPmiHhNmZ2HbFA76w==

node-addon-api@^7.0.0:
  version "7.1.1"
  resolved "https://registry.npmjs.org/node-addon-api/-/node-addon-api-7.1.1.tgz"
  integrity sha512-5m3bsyrjFWE1xf7nz7YXdN4udnVtXK6/Yfgn5qnahL6bCkf2yKt4k3nuTKAtT4r3IG8JNR2ncsIMdZuAzJjHQQ==

node-gyp-build-optional-packages@5.2.2:
  version "5.2.2"
  resolved "https://registry.npmjs.org/node-gyp-build-optional-packages/-/node-gyp-build-optional-packages-5.2.2.tgz"
  integrity sha512-s+w+rBWnpTMwSFbaE0UXsRlg7hU4FjekKU4eyAih5T8nJuNZT1nNsskXpxmeqSK9UzkBl6UgRlnKc8hz8IEqOw==
  dependencies:
    detect-libc "^2.0.1"

obug@^2.1.1:
  version "2.1.1"
  resolved "https://registry.npmjs.org/obug/-/obug-2.1.1.tgz"
  integrity sha512-uTqF9MuPraAQ+IsnPf366RG4cP9RtUi7MLO1N3KEc+wb0a6yKpeL0lmk2IB1jY5KHPAlTc6T/JRdC/YqxHNwkQ==

oxfmt@^0.33.0:
  version "0.33.0"
  resolved "https://registry.npmjs.org/oxfmt/-/oxfmt-0.33.0.tgz"
  integrity sha512-ogxBXA9R4BFeo8F1HeMIIxHr5kGnQwKTYZ5k131AEGOq1zLxInNhvYSpyRQ+xIXVMYfCN7yZHKff/lb5lp4auQ==
  dependencies:
    tinypool "2.1.0"
  optionalDependencies:
    "@oxfmt/binding-android-arm-eabi" "0.33.0"
    "@oxfmt/binding-android-arm64" "0.33.0"
    "@oxfmt/binding-darwin-arm64" "0.33.0"
    "@oxfmt/binding-darwin-x64" "0.33.0"
    "@oxfmt/binding-freebsd-x64" "0.33.0"
    "@oxfmt/binding-linux-arm-gnueabihf" "0.33.0"
    "@oxfmt/binding-linux-arm-musleabihf" "0.33.0"
    "@oxfmt/binding-linux-arm64-gnu" "0.33.0"
    "@oxfmt/binding-linux-arm64-musl" "0.33.0"
    "@oxfmt/binding-linux-ppc64-gnu" "0.33.0"
    "@oxfmt/binding-linux-riscv64-gnu" "0.33.0"
    "@oxfmt/binding-linux-riscv64-musl" "0.33.0"
    "@oxfmt/binding-linux-s390x-gnu" "0.33.0"
    "@oxfmt/binding-linux-x64-gnu" "0.33.0"
    "@oxfmt/binding-linux-x64-musl" "0.33.0"
    "@oxfmt/binding-openharmony-arm64" "0.33.0"
    "@oxfmt/binding-win32-arm64-msvc" "0.33.0"
    "@oxfmt/binding-win32-ia32-msvc" "0.33.0"
    "@oxfmt/binding-win32-x64-msvc" "0.33.0"

oxlint@^1.48.0:
  version "1.50.0"
  resolved "https://registry.npmjs.org/oxlint/-/oxlint-1.50.0.tgz"
  integrity sha512-iSJ4IZEICBma8cZX7kxIIz9PzsYLF2FaLAYN6RKu7VwRVKdu7RIgpP99bTZaGl//Yao7fsaGZLSEo5xBrI5ReQ==
  optionalDependencies:
    "@oxlint/binding-android-arm-eabi" "1.50.0"
    "@oxlint/binding-android-arm64" "1.50.0"
    "@oxlint/binding-darwin-arm64" "1.50.0"
    "@oxlint/binding-darwin-x64" "1.50.0"
    "@oxlint/binding-freebsd-x64" "1.50.0"
    "@oxlint/binding-linux-arm-gnueabihf" "1.50.0"
    "@oxlint/binding-linux-arm-musleabihf" "1.50.0"
    "@oxlint/binding-linux-arm64-gnu" "1.50.0"
    "@oxlint/binding-linux-arm64-musl" "1.50.0"
    "@oxlint/binding-linux-ppc64-gnu" "1.50.0"
    "@oxlint/binding-linux-riscv64-gnu" "1.50.0"
    "@oxlint/binding-linux-riscv64-musl" "1.50.0"
    "@oxlint/binding-linux-s390x-gnu" "1.50.0"
    "@oxlint/binding-linux-x64-gnu" "1.50.0"
    "@oxlint/binding-linux-x64-musl" "1.50.0"
    "@oxlint/binding-openharmony-arm64" "1.50.0"
    "@oxlint/binding-win32-arm64-msvc" "1.50.0"
    "@oxlint/binding-win32-ia32-msvc" "1.50.0"
    "@oxlint/binding-win32-x64-msvc" "1.50.0"

pathe@^2.0.3:
  version "2.0.3"
  resolved "https://registry.npmjs.org/pathe/-/pathe-2.0.3.tgz"
  integrity sha512-WUjGcAqP1gQacoQe+OBJsFA7Ld4DyXuUIjZ5cc75cLHvJ7dtNsTugphxIADwspS+AraAUePCKrSVtPLFj/F88w==

picocolors@^1.1.1:
  version "1.1.1"
  resolved "https://registry.npmjs.org/picocolors/-/picocolors-1.1.1.tgz"
  integrity sha512-xceH2snhtb5M9liqDsmEw56le376mTZkEX/jEb/RxNFyegNul7eNslCXP9FDj/Lcu0X8KEyMceP2ntpaHrDEVA==

"picomatch@^3 || ^4", picomatch@^4.0.3:
  version "4.0.3"
  resolved "https://registry.npmjs.org/picomatch/-/picomatch-4.0.3.tgz"
  integrity sha512-5gTmgEY/sqK6gFXLIsQNH19lWb4ebPDLA4SdLP7dsWkIXHWlG66oPuVvXSGFPppYZz8ZDZq0dYYrbHfBCVUb1Q==

postcss@^8.5.6:
  version "8.5.6"
  resolved "https://registry.npmjs.org/postcss/-/postcss-8.5.6.tgz"
  integrity sha512-3Ybi1tAuwAP9s0r1UQ2J4n5Y0G05bJkpUIO0/bI9MhwmD70S5aTWbXGBwxHrelT+XM1k6dM0pk+SwNkpTRN7Pg==
  dependencies:
    nanoid "^3.3.11"
    picocolors "^1.1.1"
    source-map-js "^1.2.1"

pure-rand@^6.1.0:
  version "6.1.0"
  resolved "https://registry.npmjs.org/pure-rand/-/pure-rand-6.1.0.tgz"
  integrity sha512-bVWawvoZoBYpp6yIoQtQXHZjmz35RSVHnUOTefl8Vcjr8snTPY1wnpSPMWekcFwbxI6gtmT7rSYPFvz71ldiOA==

resolve-pkg-maps@^1.0.0:
  version "1.0.0"
  resolved "https://registry.npmjs.org/resolve-pkg-maps/-/resolve-pkg-maps-1.0.0.tgz"
  integrity sha512-seS2Tj26TBVOC2NIc2rOe2y2ZO7efxITtLZcGSOnHHNOQ7CkiUBfw0Iw2ck6xkIhPwLhKNLS8BO+hEpngQlqzw==

rollup@^4.43.0:
  version "4.59.0"
  resolved "https://registry.npmjs.org/rollup/-/rollup-4.59.0.tgz"
  integrity sha512-2oMpl67a3zCH9H79LeMcbDhXW/UmWG/y2zuqnF2jQq5uq9TbM9TVyXvA4+t+ne2IIkBdrLpAaRQAvo7YI/Yyeg==
  dependencies:
    "@types/estree" "1.0.8"
  optionalDependencies:
    "@rollup/rollup-android-arm-eabi" "4.59.0"
    "@rollup/rollup-android-arm64" "4.59.0"
    "@rollup/rollup-darwin-arm64" "4.59.0"
    "@rollup/rollup-darwin-x64" "4.59.0"
    "@rollup/rollup-freebsd-arm64" "4.59.0"
    "@rollup/rollup-freebsd-x64" "4.59.0"
    "@rollup/rollup-linux-arm-gnueabihf" "4.59.0"
    "@rollup/rollup-linux-arm-musleabihf" "4.59.0"
    "@rollup/rollup-linux-arm64-gnu" "4.59.0"
    "@rollup/rollup-linux-arm64-musl" "4.59.0"
    "@rollup/rollup-linux-loong64-gnu" "4.59.0"
    "@rollup/rollup-linux-loong64-musl" "4.59.0"
    "@rollup/rollup-linux-ppc64-gnu" "4.59.0"
    "@rollup/rollup-linux-ppc64-musl" "4.59.0"
    "@rollup/rollup-linux-riscv64-gnu" "4.59.0"
    "@rollup/rollup-linux-riscv64-musl" "4.59.0"
    "@rollup/rollup-linux-s390x-gnu" "4.59.0"
    "@rollup/rollup-linux-x64-gnu" "4.59.0"
    "@rollup/rollup-linux-x64-musl" "4.59.0"
    "@rollup/rollup-openbsd-x64" "4.59.0"
    "@rollup/rollup-openharmony-arm64" "4.59.0"
    "@rollup/rollup-win32-arm64-msvc" "4.59.0"
    "@rollup/rollup-win32-ia32-msvc" "4.59.0"
    "@rollup/rollup-win32-x64-gnu" "4.59.0"
    "@rollup/rollup-win32-x64-msvc" "4.59.0"
    fsevents "~2.3.2"

siginfo@^2.0.0:
  version "2.0.0"
  resolved "https://registry.npmjs.org/siginfo/-/siginfo-2.0.0.tgz"
  integrity sha512-ybx0WO1/8bSBLEWXZvEd7gMW3Sn3JFlW3TvX1nREbDLRNQNaeNN8WK0meBwPdAaOI7TtRRRJn/Es1zhrrCHu7g==

source-map-js@^1.2.1:
  version "1.2.1"
  resolved "https://registry.npmjs.org/source-map-js/-/source-map-js-1.2.1.tgz"
  integrity sha512-UXWMKhLOwVKb728IUtQPXxfYU+usdybtUrK/8uGE8CQMvrhOpwvzDBwj0QhSL7MQc7vIsISBG8VQ8+IDQxpfQA==

stackback@0.0.2:
  version "0.0.2"
  resolved "https://registry.npmjs.org/stackback/-/stackback-0.0.2.tgz"
  integrity sha512-1XMJE5fQo1jGH6Y/7ebnwPOBEkIEnT4QF32d5R1+VXdXveM0IBMJt8zfaxX1P3QhVwrYe+576+jkANtSS2mBbw==

std-env@^3.10.0:
  version "3.10.0"
  resolved "https://registry.npmjs.org/std-env/-/std-env-3.10.0.tgz"
  integrity sha512-5GS12FdOZNliM5mAOxFRg7Ir0pWz8MdpYm6AY6VPkGpbA7ZzmbzNcBJQ0GPvvyWgcY7QAhCgf9Uy89I03faLkg==

tinybench@^2.9.0:
  version "2.9.0"
  resolved "https://registry.npmjs.org/tinybench/-/tinybench-2.9.0.tgz"
  integrity sha512-0+DUvqWMValLmha6lr4kD8iAMK1HzV0/aKnCtWb9v9641TnP/MFb7Pc2bxoxQjTXAErryXVgUOfv2YqNllqGeg==

tinyexec@^1.0.2:
  version "1.0.2"
  resolved "https://registry.npmjs.org/tinyexec/-/tinyexec-1.0.2.tgz"
  integrity sha512-W/KYk+NFhkmsYpuHq5JykngiOCnxeVL8v8dFnqxSD8qEEdRfXk1SDM6JzNqcERbcGYj9tMrDQBYV9cjgnunFIg==

tinyglobby@^0.2.15:
  version "0.2.15"
  resolved "https://registry.npmjs.org/tinyglobby/-/tinyglobby-0.2.15.tgz"
  integrity sha512-j2Zq4NyQYG5XMST4cbs02Ak8iJUdxRM0XI5QyxXuZOzKOINmWurp3smXu3y5wDcJrptwpSjgXHzIQxR0omXljQ==
  dependencies:
    fdir "^6.5.0"
    picomatch "^4.0.3"

tinypool@2.1.0:
  version "2.1.0"
  resolved "https://registry.npmjs.org/tinypool/-/tinypool-2.1.0.tgz"
  integrity sha512-Pugqs6M0m7Lv1I7FtxN4aoyToKg1C4tu+/381vH35y8oENM/Ai7f7C4StcoK4/+BSw9ebcS8jRiVrORFKCALLw==

tinyrainbow@^3.0.3:
  version "3.0.3"
  resolved "https://registry.npmjs.org/tinyrainbow/-/tinyrainbow-3.0.3.tgz"
  integrity sha512-PSkbLUoxOFRzJYjjxHJt9xro7D+iilgMX/C9lawzVuYiIdcihh9DXmVibBe8lmcFrRi/VzlPjBxbN7rH24q8/Q==

tsx@^4.21.0, tsx@^4.8.1:
  version "4.21.0"
  resolved "https://registry.npmjs.org/tsx/-/tsx-4.21.0.tgz"
  integrity sha512-5C1sg4USs1lfG0GFb2RLXsdpXqBSEhAaA/0kPL01wxzpMqLILNxIxIOKiILz+cdg/pLnOUxFYOR5yhHU666wbw==
  dependencies:
    esbuild "~0.27.0"
    get-tsconfig "^4.7.5"
  optionalDependencies:
    fsevents "~2.3.3"

typescript@^5.9.2:
  version "5.9.3"
  resolved "https://registry.npmjs.org/typescript/-/typescript-5.9.3.tgz"
  integrity sha512-jl1vZzPDinLr9eUt3J/t7V6FgNEw9QjvBPdysz9KfQDD41fQrC2Y4vKQdiaUpFT4bXlb1RHhLpp8wtm6M5TgSw==

undici-types@~7.16.0:
  version "7.16.0"
  resolved "https://registry.npmjs.org/undici-types/-/undici-types-7.16.0.tgz"
  integrity sha512-Zz+aZWSj8LE6zoxD+xrjh4VfkIG8Ya6LvYkZqtUQGJPZjYl53ypCaUwWqo7eI0x66KBGeRo+mlBEkMSeSZ38Nw==

undici@^7.10.0:
  version "7.22.0"
  resolved "https://registry.npmjs.org/undici/-/undici-7.22.0.tgz"
  integrity sha512-RqslV2Us5BrllB+JeiZnK4peryVTndy9Dnqq62S3yYRRTj0tFQCwEniUy2167skdGOy3vqRzEvl1Dm4sV2ReDg==

uuid@^11.0.3:
  version "11.1.0"
  resolved "https://registry.npmjs.org/uuid/-/uuid-11.1.0.tgz"
  integrity sha512-0/A9rDy9P7cJ+8w1c9WD9V//9Wj15Ce2MPz8Ri6032usz+NfePxx5AcN3bN+r6ZL6jEo066/yNYB3tn4pQEx+A==

"vite@^6.0.0 || ^7.0.0", "vite@^6.0.0 || ^7.0.0-0":
  version "7.3.1"
  resolved "https://registry.npmjs.org/vite/-/vite-7.3.1.tgz"
  integrity sha512-w+N7Hifpc3gRjZ63vYBXA56dvvRlNWRczTdmCBBa+CotUzAPf5b7YMdMR/8CQoeYE5LX3W4wj6RYTgonm1b9DA==
  dependencies:
    esbuild "^0.27.0"
    fdir "^6.5.0"
    picomatch "^4.0.3"
    postcss "^8.5.6"
    rollup "^4.43.0"
    tinyglobby "^0.2.15"
  optionalDependencies:
    fsevents "~2.3.3"

vitest@^4.0.18:
  version "4.0.18"
  resolved "https://registry.npmjs.org/vitest/-/vitest-4.0.18.tgz"
  integrity sha512-hOQuK7h0FGKgBAas7v0mSAsnvrIgAvWmRFjmzpJ7SwFHH3g1k2u37JtYwOwmEKhK6ZO3v9ggDBBm0La1LCK4uQ==
  dependencies:
    "@vitest/expect" "4.0.18"
    "@vitest/mocker" "4.0.18"
    "@vitest/pretty-format" "4.0.18"
    "@vitest/runner" "4.0.18"
    "@vitest/snapshot" "4.0.18"
    "@vitest/spy" "4.0.18"
    "@vitest/utils" "4.0.18"
    es-module-lexer "^1.7.0"
    expect-type "^1.2.2"
    magic-string "^0.30.21"
    obug "^2.1.1"
    pathe "^2.0.3"
    picomatch "^4.0.3"
    std-env "^3.10.0"
    tinybench "^2.9.0"
    tinyexec "^1.0.2"
    tinyglobby "^0.2.15"
    tinyrainbow "^3.0.3"
    vite "^6.0.0 || ^7.0.0"
    why-is-node-running "^2.3.0"

why-is-node-running@^2.3.0:
  version "2.3.0"
  resolved "https://registry.npmjs.org/why-is-node-running/-/why-is-node-running-2.3.0.tgz"
  integrity sha512-hUrmaWBdVDcxvYqnyh09zunKzROWjbZTiNy8dBEjkS7ehEDQibXJ7XvlmtbwuTclUiIyN+CyXQD4Vmko8fNm8w==
  dependencies:
    siginfo "^2.0.0"
    stackback "0.0.2"

ws@^8.18.0, ws@^8.18.2:
  version "8.19.0"
  resolved "https://registry.npmjs.org/ws/-/ws-8.19.0.tgz"
  integrity sha512-blAT2mjOEIi0ZzruJfIhb3nps74PRWTCz1IjglWEEpQl5XS/UNama6u2/rjFkDDouqr4L67ry+1aGIALViWjDg==
